
Microsoft Visual Studio Solution File, Format Version 12.00
# Visual Studio Version 16
VisualStudioVersion = 16.0.30907.101
MinimumVisualStudioVersion = 10.0.40219.1
Project("{9A19103F-16F7-4668-BE54-9A1E7A4F7556}") = "CarGalery.DataAccess", "CarGalery.DataAccess\CarGalery.DataAccess.csproj", "{84A73701-7B1B-4CDF-B93E-2507DDBF2A39}"
EndProject
Project("{9A19103F-16F7-4668-BE54-9A1E7A4F7556}") = "CarGalery.Entities", "CarGalery.Entities\CarGalery.Entities.csproj", "{3E562F05-05EB-435A-BB73-890C784A3788}"
EndProject
Project("{9A19103F-16F7-4668-BE54-9A1E7A4F7556}") = "CarGalery.Business", "CarGalery.Business\CarGalery.Business.csproj", "{E74A169C-C569-4C30-87D1-FBFBFC8EEAC0}"
EndProject
Project("{FAE04EC0-301F-11D3-BF4B-00C04F79EFBC}") = "CarGalery.ConsoleApp", "CarGalery.ConsoleApp\CarGalery.ConsoleApp.csproj", "{8E9F05B0-476E-4933-A063-5026C04CDCDB}"
EndProject
Global
	GlobalSection(SolutionConfigurationPlatforms) = preSolution
		Debug|Any CPU = Debug|Any CPU
		Release|Any CPU = Release|Any CPU
	EndGlobalSection
	GlobalSection(ProjectConfigurationPlatforms) = postSolution
		{84A73701-7B1B-4CDF-B93E-2507DDBF2A39}.Debug|Any CPU.ActiveCfg = Debug|Any CPU
		{84A73701-7B1B-4CDF-B93E-2507DDBF2A39}.Debug|Any CPU.Build.0 = Debug|Any CPU
		{84A73701-7B1B-4CDF-B93E-2507DDBF2A39}.Release|Any CPU.ActiveCfg = Release|Any CPU
		{84A73701-7B1B-4CDF-B93E-2507DDBF2A39}.Release|Any CPU.Build.0 = Release|Any CPU
		{3E562F05-05EB-435A-BB73-890C784A3788}.Debug|Any CPU.ActiveCfg = Debug|Any CPU
		{3E562F05-05EB-435A-BB73-890C784A3788}.Debug|Any CPU.Build.0 = Debug|Any CPU
		{3E562F05-05EB-435A-BB73-890C784A3788}.Release|Any CPU.ActiveCfg = Release|Any CPU
		{3E562F05-05EB-435A-BB73-890C784A3788}.Release|Any CPU.Build.0 = Release|Any CPU
		{E74A169C-C569-4C30-87D1-FBFBFC8EEAC0}.Debug|Any CPU.ActiveCfg = Debug|Any CPU
		{E74A169C-C569-4C30-87D1-FBFBFC8EEAC0}.Debug|Any CPU.Build.0 = Debug|Any CPU
		{E74A169C-C569-4C30-87D1-FBFBFC8EEAC0}.Release|Any CPU.ActiveCfg = Release|Any CPU
		{E74A169C-C569-4C30-87D1-FBFBFC8EEAC0}.Release|Any CPU.Build.0 = Release|Any CPU
		{8E9F05B0-476E-4933-A063-5026C04CDCDB}.Debug|Any CPU.ActiveCfg = Debug|Any CPU
		{8E9F05B0-476E-4933-A063-5026C04CDCDB}.Debug|Any CPU.Build.0 = Debug|Any CPU
		{8E9F05B0-476E-4933-A063-5026C04CDCDB}.Release|Any CPU.ActiveCfg = Release|Any CPU
		{8E9F05B0-476E-4933-A063-5026C04CDCDB}.Release|Any CPU.Build.0 = Release|Any CPU
	EndGlobalSection
	GlobalSection(SolutionProperties) = preSolution
		HideSolutionNode = FALSE
	EndGlobalSection
	GlobalSection(ExtensibilityGlobals) = postSolution
		SolutionGuid = {5C662A64-CD93-4B30-9583-881C18688D59}
	EndGlobalSection
EndGlobal
